PODS:
  - Flutter (1.0.0)
  - manage_calendar_events (0.0.1):
    - Flutter

DEPENDENCIES:
  - Flutter (from `Flutter`)
  - manage_calendar_events (from `.symlinks/plugins/manage_calendar_events/ios`)

EXTERNAL SOURCES:
  Flutter:
    :path: Flutter
  manage_calendar_events:
    :path: ".symlinks/plugins/manage_calendar_events/ios"

SPEC CHECKSUMS:
  Flutter: e0871f40cf51350855a761d2e70bf5af5b9b5de7
  manage_calendar_events: 4a7e9a83a399db728c86429dddae64c75ba0ed90

PODFILE CHECKSUM: 4305caec6b40dde0ae97be1573c53de1882a07e5

COCOAPODS: 1.16.2
