PODS:
  - Flutter (1.0.0)
  - manage_calendar_events (0.0.1):
    - Flutter

DEPENDENCIES:
  - Flutter (from `Flutter`)
  - manage_calendar_events (from `.symlinks/plugins/manage_calendar_events/ios`)

EXTERNAL SOURCES:
  Flutter:
    :path: Flutter
  manage_calendar_events:
    :path: ".symlinks/plugins/manage_calendar_events/ios"

SPEC CHECKSUMS:
  Flutter: e0871f40cf51350855a761d2e70bf5af5b9b5de7
  manage_calendar_events: 9b2889799340398027b3e3f5c4891d41599ec257

PODFILE CHECKSUM: 819463e6a0290f5a72f145ba7cde16e8b6ef0796

COCOAPODS: 1.15.2
